{
  "name": "json-sieve",
  "version": "0.0.1",
  "lockfileVersion": 2,
  "requires": true,
  "packages": {
    "": {
      "version": "0.0.1",
      "license": "MIT",
      "devDependencies": {
        "@types/node": "^20.9.0",
        "@types/web": "^0.0.119",
        "prettier": "^3.0.3",
        "typescript": "^5.2.2",
        "zunit": "^4.0.2"
      }
    },
    "node_modules/@types/node": {
      "version": "20.10.1",
      "resolved": "https://registry.npmjs.org/@types/node/-/node-20.10.1.tgz",
      "integrity": "sha512-T2qwhjWwGH81vUEx4EXmBKsTJRXFXNZTL4v0gi01+zyBmCwzE6TyHszqX01m+QHTEq+EZNo13NeJIdEqf+Myrg==",
      "dev": true,
      "dependencies": {
        "undici-types": "~5.26.4"
      }
    },
    "node_modules/@types/web": {
      "version": "0.0.119",
      "resolved": "https://registry.npmjs.org/@types/web/-/web-0.0.119.tgz",
      "integrity": "sha512-CQVOcEWrxr0MXbQbR3rrw6GHo2mcr8WlhLHQkOKDhhySTjz15/35jk0Zm2FbHRyCvSEjr/J7A2iDD5GRrGxE2A==",
      "dev": true
    },
    "node_modules/prettier": {
      "version": "3.1.0",
      "resolved": "https://registry.npmjs.org/prettier/-/prettier-3.1.0.tgz",
      "integrity": "sha512-TQLvXjq5IAibjh8EpBIkNKxO749UEWABoiIZehEPiY4GNpVdhaFKqSTu+QrlU6D2dPAfubRmtJTi4K4YkQ5eXw==",
      "dev": true,
      "bin": {
        "prettier": "bin/prettier.cjs"
      },
      "engines": {
        "node": ">=14"
      },
      "funding": {
        "url": "https://github.com/prettier/prettier?sponsor=1"
      }
    },
    "node_modules/typescript": {
      "version": "5.3.2",
      "resolved": "https://registry.npmjs.org/typescript/-/typescript-5.3.2.tgz",
      "integrity": "sha512-6l+RyNy7oAHDfxC4FzSJcz9vnjTKxrLpDG5M2Vu4SHRVNg6xzqZp6LYSR9zjqQTu8DU/f5xwxUdADOkbrIX2gQ==",
      "dev": true,
      "bin": {
        "tsc": "bin/tsc",
        "tsserver": "bin/tsserver"
      },
      "engines": {
        "node": ">=14.17"
      }
    },
    "node_modules/undici-types": {
      "version": "5.26.5",
      "resolved": "https://registry.npmjs.org/undici-types/-/undici-types-5.26.5.tgz",
      "integrity": "sha512-JlCMO+ehdEIKqlFxk6IfVoAUVmgz7cU7zD/h9XZ0qzeosSHmUJVOzSQvvYSYWXkFXC+IfLKSIffhv0sVZup6pA==",
      "dev": true
    },
    "node_modules/zunit": {
      "version": "4.0.2",
      "resolved": "https://registry.npmjs.org/zunit/-/zunit-4.0.2.tgz",
      "integrity": "sha512-k6F+1OMmu00x8xk9WVLFE9QUiu0gHyOgXjq0egQsWN9QefGzq5gDwtHFVTqaz5YSxStuRbM+fWDHLbtr/xdiUw==",
      "dev": true,
      "bin": {
        "zUnit": "bin/zUnit.js"
      },
      "engines": {
        "node": ">=14"
      }
    }
  },
  "dependencies": {
    "@types/node": {
      "version": "20.10.1",
      "resolved": "https://registry.npmjs.org/@types/node/-/node-20.10.1.tgz",
      "integrity": "sha512-T2qwhjWwGH81vUEx4EXmBKsTJRXFXNZTL4v0gi01+zyBmCwzE6TyHszqX01m+QHTEq+EZNo13NeJIdEqf+Myrg==",
      "dev": true,
      "requires": {
        "undici-types": "~5.26.4"
      }
    },
    "@types/web": {
      "version": "0.0.119",
      "resolved": "https://registry.npmjs.org/@types/web/-/web-0.0.119.tgz",
      "integrity": "sha512-CQVOcEWrxr0MXbQbR3rrw6GHo2mcr8WlhLHQkOKDhhySTjz15/35jk0Zm2FbHRyCvSEjr/J7A2iDD5GRrGxE2A==",
      "dev": true
    },
    "prettier": {
      "version": "3.1.0",
      "resolved": "https://registry.npmjs.org/prettier/-/prettier-3.1.0.tgz",
      "integrity": "sha512-TQLvXjq5IAibjh8EpBIkNKxO749UEWABoiIZehEPiY4GNpVdhaFKqSTu+QrlU6D2dPAfubRmtJTi4K4YkQ5eXw==",
      "dev": true
    },
    "typescript": {
      "version": "5.3.2",
      "resolved": "https://registry.npmjs.org/typescript/-/typescript-5.3.2.tgz",
      "integrity": "sha512-6l+RyNy7oAHDfxC4FzSJcz9vnjTKxrLpDG5M2Vu4SHRVNg6xzqZp6LYSR9zjqQTu8DU/f5xwxUdADOkbrIX2gQ==",
      "dev": true
    },
    "undici-types": {
      "version": "5.26.5",
      "resolved": "https://registry.npmjs.org/undici-types/-/undici-types-5.26.5.tgz",
      "integrity": "sha512-JlCMO+ehdEIKqlFxk6IfVoAUVmgz7cU7zD/h9XZ0qzeosSHmUJVOzSQvvYSYWXkFXC+IfLKSIffhv0sVZup6pA==",
      "dev": true
    },
    "zunit": {
      "version": "4.0.2",
      "resolved": "https://registry.npmjs.org/zunit/-/zunit-4.0.2.tgz",
      "integrity": "sha512-k6F+1OMmu00x8xk9WVLFE9QUiu0gHyOgXjq0egQsWN9QefGzq5gDwtHFVTqaz5YSxStuRbM+fWDHLbtr/xdiUw==",
      "dev": true
    }
  }
}
